// !$*UTF8*$!
{
	archiveVersion = 1;
	classes = {
	};
	objectVersion = 50;
	objects = {

/* Begin PBXBuildFile section */
		2CA3C5552435355000FC90B0 /* OrderListViewModel.swift in Sources */ = {isa = PBXBuildFile; fileRef = 2CA3C5542435355000FC90B0 /* OrderListViewModel.swift */; };
		2CA3C5582435359200FC90B0 /* OrderViewModel.swift in Sources */ = {isa = PBXBuildFile; fileRef = 2CA3C5572435359200FC90B0 /* OrderViewModel.swift */; };
		2CA3C55B2435375700FC90B0 /* OrderListView.swift in Sources */ = {isa = PBXBuildFile; fileRef = 2CA3C55A2435375700FC90B0 /* OrderListView.swift */; };
		2CA3C55D24353E0000FC90B0 /* CreateOrderResponse.swift in Sources */ = {isa = PBXBuildFile; fileRef = 2CA3C55C24353E0000FC90B0 /* CreateOrderResponse.swift */; };
		2CA3C55F2435419400FC90B0 /* AddCoffeeOrderViewModel.swift in Sources */ = {isa = PBXBuildFile; fileRef = 2CA3C55E2435419400FC90B0 /* AddCoffeeOrderViewModel.swift */; };
		2CA3C5612435426D00FC90B0 /* CoffeeListViewModel.swift in Sources */ = {isa = PBXBuildFile; fileRef = 2CA3C5602435426D00FC90B0 /* CoffeeListViewModel.swift */; };
		2CA3C563243542A900FC90B0 /* CoffeeViewModel.swift in Sources */ = {isa = PBXBuildFile; fileRef = 2CA3C562243542A900FC90B0 /* CoffeeViewModel.swift */; };
		2CA3C565243544F500FC90B0 /* AddCoffeeOrderView.swift in Sources */ = {isa = PBXBuildFile; fileRef = 2CA3C564243544F500FC90B0 /* AddCoffeeOrderView.swift */; };
		2CA3C5672435471B00FC90B0 /* CoffeeCellView.swift in Sources */ = {isa = PBXBuildFile; fileRef = 2CA3C5662435471B00FC90B0 /* CoffeeCellView.swift */; };
		2CA3C56924354D7C00FC90B0 /* OrderTotalView.swift in Sources */ = {isa = PBXBuildFile; fileRef = 2CA3C56824354D7C00FC90B0 /* OrderTotalView.swift */; };
		2CEE98B12434FBE80091CDC2 /* AppDelegate.swift in Sources */ = {isa = PBXBuildFile; fileRef = 2CEE98B02434FBE80091CDC2 /* AppDelegate.swift */; };
		2CEE98B32434FBE80091CDC2 /* SceneDelegate.swift in Sources */ = {isa = PBXBuildFile; fileRef = 2CEE98B22434FBE80091CDC2 /* SceneDelegate.swift */; };
		2CEE98B52434FBE80091CDC2 /* ContentView.swift in Sources */ = {isa = PBXBuildFile; fileRef = 2CEE98B42434FBE80091CDC2 /* ContentView.swift */; };
		2CEE98B72434FBEA0091CDC2 /* Assets.xcassets in Resources */ = {isa = PBXBuildFile; fileRef = 2CEE98B62434FBEA0091CDC2 /* Assets.xcassets */; };
		2CEE98BA2434FBEA0091CDC2 /* Preview Assets.xcassets in Resources */ = {isa = PBXBuildFile; fileRef = 2CEE98B92434FBEA0091CDC2 /* Preview Assets.xcassets */; };
		2CEE98BD2434FBEA0091CDC2 /* LaunchScreen.storyboard in Resources */ = {isa = PBXBuildFile; fileRef = 2CEE98BB2434FBEA0091CDC2 /* LaunchScreen.storyboard */; };
		2CEE98C82434FBEA0091CDC2 /* CoffeeOrderingAppTests.swift in Sources */ = {isa = PBXBuildFile; fileRef = 2CEE98C72434FBEA0091CDC2 /* CoffeeOrderingAppTests.swift */; };
		2CEE98D32434FBEA0091CDC2 /* CoffeeOrderingAppUITests.swift in Sources */ = {isa = PBXBuildFile; fileRef = 2CEE98D22434FBEA0091CDC2 /* CoffeeOrderingAppUITests.swift */; };
		2CEE98E22434FC100091CDC2 /* Coffee.swift in Sources */ = {isa = PBXBuildFile; fileRef = 2CEE98E12434FC100091CDC2 /* Coffee.swift */; };
		2CEE98E42434FD120091CDC2 /* Order.swift in Sources */ = {isa = PBXBuildFile; fileRef = 2CEE98E32434FD120091CDC2 /* Order.swift */; };
		2CEE98E72434FDD40091CDC2 /* CoffeeService.swift in Sources */ = {isa = PBXBuildFile; fileRef = 2CEE98E62434FDD40091CDC2 /* CoffeeService.swift */; };
/* End PBXBuildFile section */

/* Begin PBXContainerItemProxy section */
		2CEE98C42434FBEA0091CDC2 /* PBXContainerItemProxy */ = {
			isa = PBXContainerItemProxy;
			containerPortal = 2CEE98A52434FBE80091CDC2 /* Project object */;
			proxyType = 1;
			remoteGlobalIDString = 2CEE98AC2434FBE80091CDC2;
			remoteInfo = CoffeeOrderingpp;
		};
		2CEE98CF2434FBEA0091CDC2 /* PBXContainerItemProxy */ = {
			isa = PBXContainerItemProxy;
			containerPortal = 2CEE98A52434FBE80091CDC2 /* Project object */;
			proxyType = 1;
			remoteGlobalIDString = 2CEE98AC2434FBE80091CDC2;
			remoteInfo = CoffeeOrderingpp;
		};
/* End PBXContainerItemProxy section */

/* Begin PBXFileReference section */
		2CA3C5542435355000FC90B0 /* OrderListViewModel.swift */ = {isa = PBXFileReference; lastKnownFileType = sourcecode.swift; path = OrderListViewModel.swift; sourceTree = "<group>"; };
		2CA3C5572435359200FC90B0 /* OrderViewModel.swift */ = {isa = PBXFileReference; lastKnownFileType = sourcecode.swift; path = OrderViewModel.swift; sourceTree = "<group>"; };
		2CA3C55A2435375700FC90B0 /* OrderListView.swift */ = {isa = PBXFileReference; lastKnownFileType = sourcecode.swift; path = OrderListView.swift; sourceTree = "<group>"; };
		2CA3C55C24353E0000FC90B0 /* CreateOrderResponse.swift */ = {isa = PBXFileReference; lastKnownFileType = sourcecode.swift; path = CreateOrderResponse.swift; sourceTree = "<group>"; };
		2CA3C55E2435419400FC90B0 /* AddCoffeeOrderViewModel.swift */ = {isa = PBXFileReference; lastKnownFileType = sourcecode.swift; path = AddCoffeeOrderViewModel.swift; sourceTree = "<group>"; };
		2CA3C5602435426D00FC90B0 /* CoffeeListViewModel.swift */ = {isa = PBXFileReference; lastKnownFileType = sourcecode.swift; path = CoffeeListViewModel.swift; sourceTree = "<group>"; };
		2CA3C562243542A900FC90B0 /* CoffeeViewModel.swift */ = {isa = PBXFileReference; lastKnownFileType = sourcecode.swift; path = CoffeeViewModel.swift; sourceTree = "<group>"; };
		2CA3C564243544F500FC90B0 /* AddCoffeeOrderView.swift */ = {isa = PBXFileReference; lastKnownFileType = sourcecode.swift; path = AddCoffeeOrderView.swift; sourceTree = "<group>"; };
		2CA3C5662435471B00FC90B0 /* CoffeeCellView.swift */ = {isa = PBXFileReference; lastKnownFileType = sourcecode.swift; path = CoffeeCellView.swift; sourceTree = "<group>"; };
		2CA3C56824354D7C00FC90B0 /* OrderTotalView.swift */ = {isa = PBXFileReference; lastKnownFileType = sourcecode.swift; path = OrderTotalView.swift; sourceTree = "<group>"; };
		2CEE98AD2434FBE80091CDC2 /* CoffeeOrderingApp.app */ = {isa = PBXFileReference; explicitFileType = wrapper.application; includeInIndex = 0; path = CoffeeOrderingApp.app; sourceTree = BUILT_PRODUCTS_DIR; };
		2CEE98B02434FBE80091CDC2 /* AppDelegate.swift */ = {isa = PBXFileReference; lastKnownFileType = sourcecode.swift; path = AppDelegate.swift; sourceTree = "<group>"; };
		2CEE98B22434FBE80091CDC2 /* SceneDelegate.swift */ = {isa = PBXFileReference; lastKnownFileType = sourcecode.swift; path = SceneDelegate.swift; sourceTree = "<group>"; };
		2CEE98B42434FBE80091CDC2 /* ContentView.swift */ = {isa = PBXFileReference; lastKnownFileType = sourcecode.swift; path = ContentView.swift; sourceTree = "<group>"; };
		2CEE98B62434FBEA0091CDC2 /* Assets.xcassets */ = {isa = PBXFileReference; lastKnownFileType = folder.assetcatalog; path = Assets.xcassets; sourceTree = "<group>"; };
		2CEE98B92434FBEA0091CDC2 /* Preview Assets.xcassets */ = {isa = PBXFileReference; lastKnownFileType = folder.assetcatalog; path = "Preview Assets.xcassets"; sourceTree = "<group>"; };
		2CEE98BC2434FBEA0091CDC2 /* Base */ = {isa = PBXFileReference; lastKnownFileType = file.storyboard; name = Base; path = Base.lproj/LaunchScreen.storyboard; sourceTree = "<group>"; };
		2CEE98BE2434FBEA0091CDC2 /* Info.plist */ = {isa = PBXFileReference; lastKnownFileType = text.plist.xml; path = Info.plist; sourceTree = "<group>"; };
		2CEE98C32434FBEA0091CDC2 /* CoffeeOrderingAppTests.xctest */ = {isa = PBXFileReference; explicitFileType = wrapper.cfbundle; includeInIndex = 0; path = CoffeeOrderingAppTests.xctest; sourceTree = BUILT_PRODUCTS_DIR; };
		2CEE98C72434FBEA0091CDC2 /* CoffeeOrderingAppTests.swift */ = {isa = PBXFileReference; lastKnownFileType = sourcecode.swift; path = CoffeeOrderingAppTests.swift; sourceTree = "<group>"; };
		2CEE98C92434FBEA0091CDC2 /* Info.plist */ = {isa = PBXFileReference; lastKnownFileType = text.plist.xml; path = Info.plist; sourceTree = "<group>"; };
		2CEE98CE2434FBEA0091CDC2 /* CoffeeOrderingAppUITests.xctest */ = {isa = PBXFileReference; explicitFileType = wrapper.cfbundle; includeInIndex = 0; path = CoffeeOrderingAppUITests.xctest; sourceTree = BUILT_PRODUCTS_DIR; };
		2CEE98D22434FBEA0091CDC2 /* CoffeeOrderingAppUITests.swift */ = {isa = PBXFileReference; lastKnownFileType = sourcecode.swift; path = CoffeeOrderingAppUITests.swift; sourceTree = "<group>"; };
		2CEE98D42434FBEA0091CDC2 /* Info.plist */ = {isa = PBXFileReference; lastKnownFileType = text.plist.xml; path = Info.plist; sourceTree = "<group>"; };
		2CEE98E12434FC100091CDC2 /* Coffee.swift */ = {isa = PBXFileReference; lastKnownFileType = sourcecode.swift; path = Coffee.swift; sourceTree = "<group>"; };
		2CEE98E32434FD120091CDC2 /* Order.swift */ = {isa = PBXFileReference; lastKnownFileType = sourcecode.swift; path = Order.swift; sourceTree = "<group>"; };
		2CEE98E62434FDD40091CDC2 /* CoffeeService.swift */ = {isa = PBXFileReference; lastKnownFileType = sourcecode.swift; path = CoffeeService.swift; sourceTree = "<group>"; };
/* End PBXFileReference section */

/* Begin PBXFrameworksBuildPhase section */
		2CEE98AA2434FBE80091CDC2 /* Frameworks */ = {
			isa = PBXFrameworksBuildPhase;
			buildActionMask = 2147483647;
			files = (
			);
			runOnlyForDeploymentPostprocessing = 0;
		};
		2CEE98C02434FBEA0091CDC2 /* Frameworks */ = {
			isa = PBXFrameworksBuildPhase;
			buildActionMask = 2147483647;
			files = (
			);
			runOnlyForDeploymentPostprocessing = 0;
		};
		2CEE98CB2434FBEA0091CDC2 /* Frameworks */ = {
			isa = PBXFrameworksBuildPhase;
			buildActionMask = 2147483647;
			files = (
			);
			runOnlyForDeploymentPostprocessing = 0;
		};
/* End PBXFrameworksBuildPhase section */

/* Begin PBXGroup section */
		2CA3C5532435353900FC90B0 /* ViewModels */ = {
			isa = PBXGroup;
			children = (
				2CA3C5542435355000FC90B0 /* OrderListViewModel.swift */,
				2CA3C5572435359200FC90B0 /* OrderViewModel.swift */,
				2CA3C55E2435419400FC90B0 /* AddCoffeeOrderViewModel.swift */,
				2CA3C5602435426D00FC90B0 /* CoffeeListViewModel.swift */,
				2CA3C562243542A900FC90B0 /* CoffeeViewModel.swift */,
			);
			path = ViewModels;
			sourceTree = "<group>";
		};
		2CA3C5592435372100FC90B0 /* Views */ = {
			isa = PBXGroup;
			children = (
				2CEE98B42434FBE80091CDC2 /* ContentView.swift */,
				2CA3C55A2435375700FC90B0 /* OrderListView.swift */,
				2CA3C564243544F500FC90B0 /* AddCoffeeOrderView.swift */,
				2CA3C5662435471B00FC90B0 /* CoffeeCellView.swift */,
				2CA3C56824354D7C00FC90B0 /* OrderTotalView.swift */,
			);
			path = Views;
			sourceTree = "<group>";
		};
		2CEE98A42434FBE80091CDC2 = {
			isa = PBXGroup;
			children = (
				2CEE98AF2434FBE80091CDC2 /* CoffeeOrderingApp */,
				2CEE98C62434FBEA0091CDC2 /* CoffeeOrderingAppTests */,
				2CEE98D12434FBEA0091CDC2 /* CoffeeOrderingAppUITests */,
				2CEE98AE2434FBE80091CDC2 /* Products */,
			);
			sourceTree = "<group>";
		};
		2CEE98AE2434FBE80091CDC2 /* Products */ = {
			isa = PBXGroup;
			children = (
				2CEE98AD2434FBE80091CDC2 /* CoffeeOrderingApp.app */,
				2CEE98C32434FBEA0091CDC2 /* CoffeeOrderingAppTests.xctest */,
				2CEE98CE2434FBEA0091CDC2 /* CoffeeOrderingAppUITests.xctest */,
			);
			name = Products;
			sourceTree = "<group>";
		};
		2CEE98AF2434FBE80091CDC2 /* CoffeeOrderingApp */ = {
			isa = PBXGroup;
			children = (
				2CA3C5592435372100FC90B0 /* Views */,
				2CA3C5532435353900FC90B0 /* ViewModels */,
				2CEE98E52434FDC30091CDC2 /* Services */,
				2CEE98E02434FBFA0091CDC2 /* Models */,
				2CEE98B02434FBE80091CDC2 /* AppDelegate.swift */,
				2CEE98B22434FBE80091CDC2 /* SceneDelegate.swift */,
				2CEE98B62434FBEA0091CDC2 /* Assets.xcassets */,
				2CEE98BB2434FBEA0091CDC2 /* LaunchScreen.storyboard */,
				2CEE98BE2434FBEA0091CDC2 /* Info.plist */,
				2CEE98B82434FBEA0091CDC2 /* Preview Content */,
			);
			path = CoffeeOrderingApp;
			sourceTree = "<group>";
		};
		2CEE98B82434FBEA0091CDC2 /* Preview Content */ = {
			isa = PBXGroup;
			children = (
				2CEE98B92434FBEA0091CDC2 /* Preview Assets.xcassets */,
			);
			path = "Preview Content";
			sourceTree = "<group>";
		};
		2CEE98C62434FBEA0091CDC2 /* CoffeeOrderingAppTests */ = {
			isa = PBXGroup;
			children = (
				2CEE98C72434FBEA0091CDC2 /* CoffeeOrderingAppTests.swift */,
				2CEE98C92434FBEA0091CDC2 /* Info.plist */,
			);
			path = CoffeeOrderingAppTests;
			sourceTree = "<group>";
		};
		2CEE98D12434FBEA0091CDC2 /* CoffeeOrderingAppUITests */ = {
			isa = PBXGroup;
			children = (
				2CEE98D22434FBEA0091CDC2 /* CoffeeOrderingAppUITests.swift */,
				2CEE98D42434FBEA0091CDC2 /* Info.plist */,
			);
			path = CoffeeOrderingAppUITests;
			sourceTree = "<group>";
		};
		2CEE98E02434FBFA0091CDC2 /* Models */ = {
			isa = PBXGroup;
			children = (
				2CEE98E12434FC100091CDC2 /* Coffee.swift */,
				2CEE98E32434FD120091CDC2 /* Order.swift */,
				2CA3C55C24353E0000FC90B0 /* CreateOrderResponse.swift */,
			);
			path = Models;
			sourceTree = "<group>";
		};
		2CEE98E52434FDC30091CDC2 /* Services */ = {
			isa = PBXGroup;
			children = (
				2CEE98E62434FDD40091CDC2 /* CoffeeService.swift */,
			);
			path = Services;
			sourceTree = "<group>";
		};
/* End PBXGroup section */

/* Begin PBXNativeTarget section */
		2CEE98AC2434FBE80091CDC2 /* CoffeeOrderingApp */ = {
			isa = PBXNativeTarget;
			buildConfigurationList = 2CEE98D72434FBEA0091CDC2 /* Build configuration list for PBXNativeTarget "CoffeeOrderingApp" */;
			buildPhases = (
				2CEE98A92434FBE80091CDC2 /* Sources */,
				2CEE98AA2434FBE80091CDC2 /* Frameworks */,
				2CEE98AB2434FBE80091CDC2 /* Resources */,
			);
			buildRules = (
			);
			dependencies = (
			);
			name = CoffeeOrderingApp;
			productName = CoffeeOrderingpp;
			productReference = 2CEE98AD2434FBE80091CDC2 /* CoffeeOrderingApp.app */;
			productType = "com.apple.product-type.application";
		};
		2CEE98C22434FBEA0091CDC2 /* CoffeeOrderingAppTests */ = {
			isa = PBXNativeTarget;
			buildConfigurationList = 2CEE98DA2434FBEA0091CDC2 /* Build configuration list for PBXNativeTarget "CoffeeOrderingAppTests" */;
			buildPhases = (
				2CEE98BF2434FBEA0091CDC2 /* Sources */,
				2CEE98C02434FBEA0091CDC2 /* Frameworks */,
				2CEE98C12434FBEA0091CDC2 /* Resources */,
			);
			buildRules = (
			);
			dependencies = (
				2CEE98C52434FBEA0091CDC2 /* PBXTargetDependency */,
			);
			name = CoffeeOrderingAppTests;
			productName = CoffeeOrderingppTests;
			productReference = 2CEE98C32434FBEA0091CDC2 /* CoffeeOrderingAppTests.xctest */;
			productType = "com.apple.product-type.bundle.unit-test";
		};
		2CEE98CD2434FBEA0091CDC2 /* CoffeeOrderingAppUITests */ = {
			isa = PBXNativeTarget;
			buildConfigurationList = 2CEE98DD2434FBEA0091CDC2 /* Build configuration list for PBXNativeTarget "CoffeeOrderingAppUITests" */;
			buildPhases = (
				2CEE98CA2434FBEA0091CDC2 /* Sources */,
				2CEE98CB2434FBEA0091CDC2 /* Frameworks */,
				2CEE98CC2434FBEA0091CDC2 /* Resources */,
			);
			buildRules = (
			);
			dependencies = (
				2CEE98D02434FBEA0091CDC2 /* PBXTargetDependency */,
			);
			name = CoffeeOrderingAppUITests;
			productName = CoffeeOrderingppUITests;
			productReference = 2CEE98CE2434FBEA0091CDC2 /* CoffeeOrderingAppUITests.xctest */;
			productType = "com.apple.product-type.bundle.ui-testing";
		};
/* End PBXNativeTarget section */

/* Begin PBXProject section */
		2CEE98A52434FBE80091CDC2 /* Project object */ = {
			isa = PBXProject;
			attributes = {
				LastSwiftUpdateCheck = 1140;
				LastUpgradeCheck = 1140;
				ORGANIZATIONNAME = "Ivan Sokolovskii";
				TargetAttributes = {
					2CEE98AC2434FBE80091CDC2 = {
						CreatedOnToolsVersion = 11.4;
					};
					2CEE98C22434FBEA0091CDC2 = {
						CreatedOnToolsVersion = 11.4;
						TestTargetID = 2CEE98AC2434FBE80091CDC2;
					};
					2CEE98CD2434FBEA0091CDC2 = {
						CreatedOnToolsVersion = 11.4;
						TestTargetID = 2CEE98AC2434FBE80091CDC2;
					};
				};
			};
			buildConfigurationList = 2CEE98A82434FBE80091CDC2 /* Build configuration list for PBXProject "CoffeeOrderingApp" */;
			compatibilityVersion = "Xcode 9.3";
			developmentRegion = en;
			hasScannedForEncodings = 0;
			knownRegions = (
				en,
				Base,
			);
			mainGroup = 2CEE98A42434FBE80091CDC2;
			productRefGroup = 2CEE98AE2434FBE80091CDC2 /* Products */;
			projectDirPath = "";
			projectRoot = "";
			targets = (
				2CEE98AC2434FBE80091CDC2 /* CoffeeOrderingApp */,
				2CEE98C22434FBEA0091CDC2 /* CoffeeOrderingAppTests */,
				2CEE98CD2434FBEA0091CDC2 /* CoffeeOrderingAppUITests */,
			);
		};
/* End PBXProject section */

/* Begin PBXResourcesBuildPhase section */
		2CEE98AB2434FBE80091CDC2 /* Resources */ = {
			isa = PBXResourcesBuildPhase;
			buildActionMask = 2147483647;
			files = (
				2CEE98BD2434FBEA0091CDC2 /* LaunchScreen.storyboard in Resources */,
				2CEE98BA2434FBEA0091CDC2 /* Preview Assets.xcassets in Resources */,
				2CEE98B72434FBEA0091CDC2 /* Assets.xcassets in Resources */,
			);
			runOnlyForDeploymentPostprocessing = 0;
		};
		2CEE98C12434FBEA0091CDC2 /* Resources */ = {
			isa = PBXResourcesBuildPhase;
			buildActionMask = 2147483647;
			files = (
			);
			runOnlyForDeploymentPostprocessing = 0;
		};
		2CEE98CC2434FBEA0091CDC2 /* Resources */ = {
			isa = PBXResourcesBuildPhase;
			buildActionMask = 2147483647;
			files = (
			);
			runOnlyForDeploymentPostprocessing = 0;
		};
/* End PBXResourcesBuildPhase section */

/* Begin PBXSourcesBuildPhase section */
		2CEE98A92434FBE80091CDC2 /* Sources */ = {
			isa = PBXSourcesBuildPhase;
			buildActionMask = 2147483647;
			files = (
				2CA3C5672435471B00FC90B0 /* CoffeeCellView.swift in Sources */,
				2CEE98B12434FBE80091CDC2 /* AppDelegate.swift in Sources */,
				2CA3C55D24353E0000FC90B0 /* CreateOrderResponse.swift in Sources */,
				2CEE98E72434FDD40091CDC2 /* CoffeeService.swift in Sources */,
				2CA3C565243544F500FC90B0 /* AddCoffeeOrderView.swift in Sources */,
				2CA3C55B2435375700FC90B0 /* OrderListView.swift in Sources */,
				2CA3C5612435426D00FC90B0 /* CoffeeListViewModel.swift in Sources */,
				2CEE98B32434FBE80091CDC2 /* SceneDelegate.swift in Sources */,
				2CEE98E42434FD120091CDC2 /* Order.swift in Sources */,
				2CA3C5552435355000FC90B0 /* OrderListViewModel.swift in Sources */,
				2CA3C56924354D7C00FC90B0 /* OrderTotalView.swift in Sources */,
				2CEE98B52434FBE80091CDC2 /* ContentView.swift in Sources */,
				2CEE98E22434FC100091CDC2 /* Coffee.swift in Sources */,
				2CA3C5582435359200FC90B0 /* OrderViewModel.swift in Sources */,
				2CA3C563243542A900FC90B0 /* CoffeeViewModel.swift in Sources */,
				2CA3C55F2435419400FC90B0 /* AddCoffeeOrderViewModel.swift in Sources */,
			);
			runOnlyForDeploymentPostprocessing = 0;
		};
		2CEE98BF2434FBEA0091CDC2 /* Sources */ = {
			isa = PBXSourcesBuildPhase;
			buildActionMask = 2147483647;
			files = (
				2CEE98C82434FBEA0091CDC2 /* CoffeeOrderingAppTests.swift in Sources */,
			);
			runOnlyForDeploymentPostprocessing = 0;
		};
		2CEE98CA2434FBEA0091CDC2 /* Sources */ = {
			isa = PBXSourcesBuildPhase;
			buildActionMask = 2147483647;
			files = (
				2CEE98D32434FBEA0091CDC2 /* CoffeeOrderingAppUITests.swift in Sources */,
			);
			runOnlyForDeploymentPostprocessing = 0;
		};
/* End PBXSourcesBuildPhase section */

/* Begin PBXTargetDependency section */
		2CEE98C52434FBEA0091CDC2 /* PBXTargetDependency */ = {
			isa = PBXTargetDependency;
			target = 2CEE98AC2434FBE80091CDC2 /* CoffeeOrderingApp */;
			targetProxy = 2CEE98C42434FBEA0091CDC2 /* PBXContainerItemProxy */;
		};
		2CEE98D02434FBEA0091CDC2 /* PBXTargetDependency */ = {
			isa = PBXTargetDependency;
			target = 2CEE98AC2434FBE80091CDC2 /* CoffeeOrderingApp */;
			targetProxy = 2CEE98CF2434FBEA0091CDC2 /* PBXContainerItemProxy */;
		};
/* End PBXTargetDependency section */

/* Begin PBXVariantGroup section */
		2CEE98BB2434FBEA0091CDC2 /* LaunchScreen.storyboard */ = {
			isa = PBXVariantGroup;
			children = (
				2CEE98BC2434FBEA0091CDC2 /* Base */,
			);
			name = LaunchScreen.storyboard;
			sourceTree = "<group>";
		};
/* End PBXVariantGroup section */

/* Begin XCBuildConfiguration section */
		2CEE98D52434FBEA0091CDC2 /* Debug */ = {
			isa = XCBuildConfiguration;
			buildSettings = {
				ALWAYS_SEARCH_USER_PATHS = NO;
				CLANG_ANALYZER_NONNULL = YES;
				CLANG_ANALYZER_NUMBER_OBJECT_CONVERSION = YES_AGGRESSIVE;
				CLANG_CXX_LANGUAGE_STANDARD = "gnu++14";
				CLANG_CXX_LIBRARY = "libc++";
				CLANG_ENABLE_MODULES = YES;
				CLANG_ENABLE_OBJC_ARC = YES;
				CLANG_ENABLE_OBJC_WEAK = YES;
				CLANG_WARN_BLOCK_CAPTURE_AUTORELEASING = YES;
				CLANG_WARN_BOOL_CONVERSION = YES;
				CLANG_WARN_COMMA = YES;
				CLANG_WARN_CONSTANT_CONVERSION = YES;
				CLANG_WARN_DEPRECATED_OBJC_IMPLEMENTATIONS = YES;
				CLANG_WARN_DIRECT_OBJC_ISA_USAGE = YES_ERROR;
				CLANG_WARN_DOCUMENTATION_COMMENTS = YES;
				CLANG_WARN_EMPTY_BODY = YES;
				CLANG_WARN_ENUM_CONVERSION = YES;
				CLANG_WARN_INFINITE_RECURSION = YES;
				CLANG_WARN_INT_CONVERSION = YES;
				CLANG_WARN_NON_LITERAL_NULL_CONVERSION = YES;
				CLANG_WARN_OBJC_IMPLICIT_RETAIN_SELF = YES;
				CLANG_WARN_OBJC_LITERAL_CONVERSION = YES;
				CLANG_WARN_OBJC_ROOT_CLASS = YES_ERROR;
				CLANG_WARN_RANGE_LOOP_ANALYSIS = YES;
				CLANG_WARN_STRICT_PROTOTYPES = YES;
				CLANG_WARN_SUSPICIOUS_MOVE = YES;
				CLANG_WARN_UNGUARDED_AVAILABILITY = YES_AGGRESSIVE;
				CLANG_WARN_UNREACHABLE_CODE = YES;
				CLANG_WARN__DUPLICATE_METHOD_MATCH = YES;
				COPY_PHASE_STRIP = NO;
				DEBUG_INFORMATION_FORMAT = dwarf;
				ENABLE_STRICT_OBJC_MSGSEND = YES;
				ENABLE_TESTABILITY = YES;
				GCC_C_LANGUAGE_STANDARD = gnu11;
				GCC_DYNAMIC_NO_PIC = NO;
				GCC_NO_COMMON_BLOCKS = YES;
				GCC_OPTIMIZATION_LEVEL = 0;
				GCC_PREPROCESSOR_DEFINITIONS = (
					"DEBUG=1",
					"$(inherited)",
				);
				GCC_WARN_64_TO_32_BIT_CONVERSION = YES;
				GCC_WARN_ABOUT_RETURN_TYPE = YES_ERROR;
				GCC_WARN_UNDECLARED_SELECTOR = YES;
				GCC_WARN_UNINITIALIZED_AUTOS = YES_AGGRESSIVE;
				GCC_WARN_UNUSED_FUNCTION = YES;
				GCC_WARN_UNUSED_VARIABLE = YES;
				IPHONEOS_DEPLOYMENT_TARGET = 13.4;
				MTL_ENABLE_DEBUG_INFO = INCLUDE_SOURCE;
				MTL_FAST_MATH = YES;
				ONLY_ACTIVE_ARCH = YES;
				SDKROOT = iphoneos;
				SWIFT_ACTIVE_COMPILATION_CONDITIONS = DEBUG;
				SWIFT_OPTIMIZATION_LEVEL = "-Onone";
			};
			name = Debug;
		};
		2CEE98D62434FBEA0091CDC2 /* Release */ = {
			isa = XCBuildConfiguration;
			buildSettings = {
				ALWAYS_SEARCH_USER_PATHS = NO;
				CLANG_ANALYZER_NONNULL = YES;
				CLANG_ANALYZER_NUMBER_OBJECT_CONVERSION = YES_AGGRESSIVE;
				CLANG_CXX_LANGUAGE_STANDARD = "gnu++14";
				CLANG_CXX_LIBRARY = "libc++";
				CLANG_ENABLE_MODULES = YES;
				CLANG_ENABLE_OBJC_ARC = YES;
				CLANG_ENABLE_OBJC_WEAK = YES;
				CLANG_WARN_BLOCK_CAPTURE_AUTORELEASING = YES;
				CLANG_WARN_BOOL_CONVERSION = YES;
				CLANG_WARN_COMMA = YES;
				CLANG_WARN_CONSTANT_CONVERSION = YES;
				CLANG_WARN_DEPRECATED_OBJC_IMPLEMENTATIONS = YES;
				CLANG_WARN_DIRECT_OBJC_ISA_USAGE = YES_ERROR;
				CLANG_WARN_DOCUMENTATION_COMMENTS = YES;
				CLANG_WARN_EMPTY_BODY = YES;
				CLANG_WARN_ENUM_CONVERSION = YES;
				CLANG_WARN_INFINITE_RECURSION = YES;
				CLANG_WARN_INT_CONVERSION = YES;
				CLANG_WARN_NON_LITERAL_NULL_CONVERSION = YES;
				CLANG_WARN_OBJC_IMPLICIT_RETAIN_SELF = YES;
				CLANG_WARN_OBJC_LITERAL_CONVERSION = YES;
				CLANG_WARN_OBJC_ROOT_CLASS = YES_ERROR;
				CLANG_WARN_RANGE_LOOP_ANALYSIS = YES;
				CLANG_WARN_STRICT_PROTOTYPES = YES;
				CLANG_WARN_SUSPICIOUS_MOVE = YES;
				CLANG_WARN_UNGUARDED_AVAILABILITY = YES_AGGRESSIVE;
				CLANG_WARN_UNREACHABLE_CODE = YES;
				CLANG_WARN__DUPLICATE_METHOD_MATCH = YES;
				COPY_PHASE_STRIP = NO;
				DEBUG_INFORMATION_FORMAT = "dwarf-with-dsym";
				ENABLE_NS_ASSERTIONS = NO;
				ENABLE_STRICT_OBJC_MSGSEND = YES;
				GCC_C_LANGUAGE_STANDARD = gnu11;
				GCC_NO_COMMON_BLOCKS = YES;
				GCC_WARN_64_TO_32_BIT_CONVERSION = YES;
				GCC_WARN_ABOUT_RETURN_TYPE = YES_ERROR;
				GCC_WARN_UNDECLARED_SELECTOR = YES;
				GCC_WARN_UNINITIALIZED_AUTOS = YES_AGGRESSIVE;
				GCC_WARN_UNUSED_FUNCTION = YES;
				GCC_WARN_UNUSED_VARIABLE = YES;
				IPHONEOS_DEPLOYMENT_TARGET = 13.4;
				MTL_ENABLE_DEBUG_INFO = NO;
				MTL_FAST_MATH = YES;
				SDKROOT = iphoneos;
				SWIFT_COMPILATION_MODE = wholemodule;
				SWIFT_OPTIMIZATION_LEVEL = "-O";
				VALIDATE_PRODUCT = YES;
			};
			name = Release;
		};
		2CEE98D82434FBEA0091CDC2 /* Debug */ = {
			isa = XCBuildConfiguration;
			buildSettings = {
				ASSETCATALOG_COMPILER_APPICON_NAME = AppIcon;
				CODE_SIGN_STYLE = Automatic;
				DEVELOPMENT_ASSET_PATHS = "\"CoffeeOrderingApp/Preview Content\"";
				DEVELOPMENT_TEAM = 4FTDPDE5LK;
				ENABLE_PREVIEWS = YES;
				INFOPLIST_FILE = CoffeeOrderingApp/Info.plist;
				LD_RUNPATH_SEARCH_PATHS = (
					"$(inherited)",
					"@executable_path/Frameworks",
				);
				PRODUCT_BUNDLE_IDENTIFIER = com.sokolovskii.CoffeeOrderingApp;
				PRODUCT_NAME = "$(TARGET_NAME)";
				SWIFT_VERSION = 5.0;
				TARGETED_DEVICE_FAMILY = "1,2";
			};
			name = Debug;
		};
		2CEE98D92434FBEA0091CDC2 /* Release */ = {
			isa = XCBuildConfiguration;
			buildSettings = {
				ASSETCATALOG_COMPILER_APPICON_NAME = AppIcon;
				CODE_SIGN_STYLE = Automatic;
				DEVELOPMENT_ASSET_PATHS = "\"CoffeeOrderingApp/Preview Content\"";
				DEVELOPMENT_TEAM = 4FTDPDE5LK;
				ENABLE_PREVIEWS = YES;
				INFOPLIST_FILE = CoffeeOrderingApp/Info.plist;
				LD_RUNPATH_SEARCH_PATHS = (
					"$(inherited)",
					"@executable_path/Frameworks",
				);
				PRODUCT_BUNDLE_IDENTIFIER = com.sokolovskii.CoffeeOrderingApp;
				PRODUCT_NAME = "$(TARGET_NAME)";
				SWIFT_VERSION = 5.0;
				TARGETED_DEVICE_FAMILY = "1,2";
			};
			name = Release;
		};
		2CEE98DB2434FBEA0091CDC2 /* Debug */ = {
			isa = XCBuildConfiguration;
			buildSettings = {
				ALWAYS_EMBED_SWIFT_STANDARD_LIBRARIES = YES;
				BUNDLE_LOADER = "$(TEST_HOST)";
				CODE_SIGN_STYLE = Automatic;
				DEVELOPMENT_TEAM = 4FTDPDE5LK;
				INFOPLIST_FILE = CoffeeOrderingAppTests/Info.plist;
				IPHONEOS_DEPLOYMENT_TARGET = 13.4;
				LD_RUNPATH_SEARCH_PATHS = (
					"$(inherited)",
					"@executable_path/Frameworks",
					"@loader_path/Frameworks",
				);
				PRODUCT_BUNDLE_IDENTIFIER = com.sokolovskii.CoffeeOrderingAppTests;
				PRODUCT_NAME = "$(TARGET_NAME)";
				SWIFT_VERSION = 5.0;
				TARGETED_DEVICE_FAMILY = "1,2";
				TEST_HOST = "$(BUILT_PRODUCTS_DIR)/CoffeeOrderingApp.app/CoffeeOrderingApp";
			};
			name = Debug;
		};
		2CEE98DC2434FBEA0091CDC2 /* Release */ = {
			isa = XCBuildConfiguration;
			buildSettings = {
				ALWAYS_EMBED_SWIFT_STANDARD_LIBRARIES = YES;
				BUNDLE_LOADER = "$(TEST_HOST)";
				CODE_SIGN_STYLE = Automatic;
				DEVELOPMENT_TEAM = 4FTDPDE5LK;
				INFOPLIST_FILE = CoffeeOrderingAppTests/Info.plist;
				IPHONEOS_DEPLOYMENT_TARGET = 13.4;
				LD_RUNPATH_SEARCH_PATHS = (
					"$(inherited)",
					"@executable_path/Frameworks",
					"@loader_path/Frameworks",
				);
				PRODUCT_BUNDLE_IDENTIFIER = com.sokolovskii.CoffeeOrderingAppTests;
				PRODUCT_NAME = "$(TARGET_NAME)";
				SWIFT_VERSION = 5.0;
				TARGETED_DEVICE_FAMILY = "1,2";
				TEST_HOST = "$(BUILT_PRODUCTS_DIR)/CoffeeOrderingApp.app/CoffeeOrderingApp";
			};
			name = Release;
		};
		2CEE98DE2434FBEA0091CDC2 /* Debug */ = {
			isa = XCBuildConfiguration;
			buildSettings = {
				ALWAYS_EMBED_SWIFT_STANDARD_LIBRARIES = YES;
				CODE_SIGN_STYLE = Automatic;
				DEVELOPMENT_TEAM = 4FTDPDE5LK;
				INFOPLIST_FILE = CoffeeOrderingAppUITests/Info.plist;
				LD_RUNPATH_SEARCH_PATHS = (
					"$(inherited)",
					"@executable_path/Frameworks",
					"@loader_path/Frameworks",
				);
				PRODUCT_BUNDLE_IDENTIFIER = com.sokolovskii.CoffeeOrderingAppUITests;
				PRODUCT_NAME = "$(TARGET_NAME)";
				SWIFT_VERSION = 5.0;
				TARGETED_DEVICE_FAMILY = "1,2";
				TEST_TARGET_NAME = CoffeeOrderingApp;
			};
			name = Debug;
		};
		2CEE98DF2434FBEA0091CDC2 /* Release */ = {
			isa = XCBuildConfiguration;
			buildSettings = {
				ALWAYS_EMBED_SWIFT_STANDARD_LIBRARIES = YES;
				CODE_SIGN_STYLE = Automatic;
				DEVELOPMENT_TEAM = 4FTDPDE5LK;
				INFOPLIST_FILE = CoffeeOrderingAppUITests/Info.plist;
				LD_RUNPATH_SEARCH_PATHS = (
					"$(inherited)",
					"@executable_path/Frameworks",
					"@loader_path/Frameworks",
				);
				PRODUCT_BUNDLE_IDENTIFIER = com.sokolovskii.CoffeeOrderingAppUITests;
				PRODUCT_NAME = "$(TARGET_NAME)";
				SWIFT_VERSION = 5.0;
				TARGETED_DEVICE_FAMILY = "1,2";
				TEST_TARGET_NAME = CoffeeOrderingApp;
			};
			name = Release;
		};
/* End XCBuildConfiguration section */

/* Begin XCConfigurationList section */
		2CEE98A82434FBE80091CDC2 /* Build configuration list for PBXProject "CoffeeOrderingApp" */ = {
			isa = XCConfigurationList;
			buildConfigurations = (
				2CEE98D52434FBEA0091CDC2 /* Debug */,
				2CEE98D62434FBEA0091CDC2 /* Release */,
			);
			defaultConfigurationIsVisible = 0;
			defaultConfigurationName = Release;
		};
		2CEE98D72434FBEA0091CDC2 /* Build configuration list for PBXNativeTarget "CoffeeOrderingApp" */ = {
			isa = XCConfigurationList;
			buildConfigurations = (
				2CEE98D82434FBEA0091CDC2 /* Debug */,
				2CEE98D92434FBEA0091CDC2 /* Release */,
			);
			defaultConfigurationIsVisible = 0;
			defaultConfigurationName = Release;
		};
		2CEE98DA2434FBEA0091CDC2 /* Build configuration list for PBXNativeTarget "CoffeeOrderingAppTests" */ = {
			isa = XCConfigurationList;
			buildConfigurations = (
				2CEE98DB2434FBEA0091CDC2 /* Debug */,
				2CEE98DC2434FBEA0091CDC2 /* Release */,
			);
			defaultConfigurationIsVisible = 0;
			defaultConfigurationName = Release;
		};
		2CEE98DD2434FBEA0091CDC2 /* Build configuration list for PBXNativeTarget "CoffeeOrderingAppUITests" */ = {
			isa = XCConfigurationList;
			buildConfigurations = (
				2CEE98DE2434FBEA0091CDC2 /* Debug */,
				2CEE98DF2434FBEA0091CDC2 /* Release */,
			);
			defaultConfigurationIsVisible = 0;
			defaultConfigurationName = Release;
		};
/* End XCConfigurationList section */
	};
	rootObject = 2CEE98A52434FBE80091CDC2 /* Project object */;
}
